
Microsoft Visual Studio Solution File, Format Version 12.00
# Visual Studio Version 16
VisualStudioVersion = 16.0.32228.343
MinimumVisualStudioVersion = 10.0.40219.1
Project("{FAE04EC0-301F-11D3-BF4B-00C04F79EFBC}") = "SF_Module3", "SF_Module3\SF_Module3.csproj", "{ECA9C32D-C53C-427B-A08F-C4541889834E}"
EndProject
Global
	GlobalSection(SolutionConfigurationPlatforms) = preSolution
		Debug|Any CPU = Debug|Any CPU
		Release|Any CPU = Release|Any CPU
	EndGlobalSection
	GlobalSection(ProjectConfigurationPlatforms) = postSolution
		{ECA9C32D-C53C-427B-A08F-C4541889834E}.Debug|Any CPU.ActiveCfg = Debug|Any CPU
		{ECA9C32D-C53C-427B-A08F-C4541889834E}.Debug|Any CPU.Build.0 = Debug|Any CPU
		{ECA9C32D-C53C-427B-A08F-C4541889834E}.Release|Any CPU.ActiveCfg = Release|Any CPU
		{ECA9C32D-C53C-427B-A08F-C4541889834E}.Release|Any CPU.Build.0 = Release|Any CPU
	EndGlobalSection
	GlobalSection(SolutionProperties) = preSolution
		HideSolutionNode = FALSE
	EndGlobalSection
	GlobalSection(ExtensibilityGlobals) = postSolution
		SolutionGuid = {0AD6F409-6627-46FA-B803-4140FAF6C10F}
	EndGlobalSection
EndGlobal
